
Microsoft Visual Studio Solution File, Format Version 12.00
# Visual Studio Version 17
VisualStudioVersion = 17.3.32819.101
MinimumVisualStudioVersion = 10.0.40219.1
Project("{FAE04EC0-301F-11D3-BF4B-00C04F79EFBC}") = "LMS", "LMS\LMS.csproj", "{70E75D71-60B5-494C-AA55-67E587D56663}"
EndProject
Global
	GlobalSection(SolutionConfigurationPlatforms) = preSolution
		Debug|Any CPU = Debug|Any CPU
		Release|Any CPU = Release|Any CPU
	EndGlobalSection
	GlobalSection(ProjectConfigurationPlatforms) = postSolution
		{70E75D71-60B5-494C-AA55-67E587D56663}.Debug|Any CPU.ActiveCfg = Debug|Any CPU
		{70E75D71-60B5-494C-AA55-67E587D56663}.Debug|Any CPU.Build.0 = Debug|Any CPU
		{70E75D71-60B5-494C-AA55-67E587D56663}.Release|Any CPU.ActiveCfg = Release|Any CPU
		{70E75D71-60B5-494C-AA55-67E587D56663}.Release|Any CPU.Build.0 = Release|Any CPU
	EndGlobalSection
	GlobalSection(SolutionProperties) = preSolution
		HideSolutionNode = FALSE
	EndGlobalSection
	GlobalSection(ExtensibilityGlobals) = postSolution
		SolutionGuid = {81752E76-E1D5-4E2F-89A4-7BE52938F7DE}
	EndGlobalSection
EndGlobal
